{
  "name": "portfolio-mixed-messages",
  "version": "1.0.0",
  "lockfileVersion": 1,
  "requires": true,
  "dependencies": {
    "sqlite": {
      "version": "4.0.17",
      "resolved": "https://registry.npmjs.org/sqlite/-/sqlite-4.0.17.tgz",
      "integrity": "sha512-PaXTQPFHxM83cjblDm5RLzzqW86UFfR2C3RYghUDzweAsZRwTZAc20CrDrr1vrAh2X61nyAnUaS7XITFuyuzvQ=="
    }
  }
}
